
Microsoft Visual Studio Solution File, Format Version 12.00
# Visual Studio Version 16
VisualStudioVersion = 16.0.30907.101
MinimumVisualStudioVersion = 10.0.40219.1
Project("{FAE04EC0-301F-11D3-BF4B-00C04F79EFBC}") = "OcrİleResimUzerindekiYaziyiOkuma", "OcrİleResimUzerindekiYaziyiOkuma\OcrİleResimUzerindekiYaziyiOkuma.csproj", "{5A22EF64-4B16-4DC1-BB12-B14619078E7E}"
EndProject
Global
	GlobalSection(SolutionConfigurationPlatforms) = preSolution
		Debug|Any CPU = Debug|Any CPU
		Release|Any CPU = Release|Any CPU
	EndGlobalSection
	GlobalSection(ProjectConfigurationPlatforms) = postSolution
		{5A22EF64-4B16-4DC1-BB12-B14619078E7E}.Debug|Any CPU.ActiveCfg = Debug|Any CPU
		{5A22EF64-4B16-4DC1-BB12-B14619078E7E}.Debug|Any CPU.Build.0 = Debug|Any CPU
		{5A22EF64-4B16-4DC1-BB12-B14619078E7E}.Release|Any CPU.ActiveCfg = Release|Any CPU
		{5A22EF64-4B16-4DC1-BB12-B14619078E7E}.Release|Any CPU.Build.0 = Release|Any CPU
	EndGlobalSection
	GlobalSection(SolutionProperties) = preSolution
		HideSolutionNode = FALSE
	EndGlobalSection
	GlobalSection(ExtensibilityGlobals) = postSolution
		SolutionGuid = {67A922CA-8874-47C8-936F-F0649443C918}
	EndGlobalSection
EndGlobal
