
Microsoft Visual Studio Solution File, Format Version 12.00
# Visual Studio 2013
VisualStudioVersion = 12.0.30723.0
MinimumVisualStudioVersion = 10.0.40219.1
Project("{FAE04EC0-301F-11D3-BF4B-00C04F79EFBC}") = "Ders12_ReportViewerKullanimi", "Ders12_ReportViewerKullanimi.csproj", "{D5758A8F-7376-4C19-A9E2-6CD8877E5AE7}"
EndProject
Global
	GlobalSection(SolutionConfigurationPlatforms) = preSolution
		Debug|Any CPU = Debug|Any CPU
		Release|Any CPU = Release|Any CPU
	EndGlobalSection
	GlobalSection(ProjectConfigurationPlatforms) = postSolution
		{D5758A8F-7376-4C19-A9E2-6CD8877E5AE7}.Debug|Any CPU.ActiveCfg = Debug|Any CPU
		{D5758A8F-7376-4C19-A9E2-6CD8877E5AE7}.Debug|Any CPU.Build.0 = Debug|Any CPU
		{D5758A8F-7376-4C19-A9E2-6CD8877E5AE7}.Release|Any CPU.ActiveCfg = Release|Any CPU
		{D5758A8F-7376-4C19-A9E2-6CD8877E5AE7}.Release|Any CPU.Build.0 = Release|Any CPU
	EndGlobalSection
	GlobalSection(SolutionProperties) = preSolution
		HideSolutionNode = FALSE
	EndGlobalSection
	GlobalSection(ExtensibilityGlobals) = postSolution
		SolutionGuid = {46F1B6C3-C97C-498A-85C0-93B97B3C03C9}
	EndGlobalSection
EndGlobal
