
Microsoft Visual Studio Solution File, Format Version 12.00
# Visual Studio Version 16
VisualStudioVersion = 16.0.30907.101
MinimumVisualStudioVersion = 10.0.40219.1
Project("{FAE04EC0-301F-11D3-BF4B-00C04F79EFBC}") = "OCRTesseractKullanimi_ResimOkuma2", "OCRTesseractKullanimi_ResimOkuma2\OCRTesseractKullanimi_ResimOkuma2.csproj", "{248206AE-30DD-43C2-A4DC-289885CB06E7}"
EndProject
Global
	GlobalSection(SolutionConfigurationPlatforms) = preSolution
		Debug|Any CPU = Debug|Any CPU
		Release|Any CPU = Release|Any CPU
	EndGlobalSection
	GlobalSection(ProjectConfigurationPlatforms) = postSolution
		{248206AE-30DD-43C2-A4DC-289885CB06E7}.Debug|Any CPU.ActiveCfg = Debug|Any CPU
		{248206AE-30DD-43C2-A4DC-289885CB06E7}.Debug|Any CPU.Build.0 = Debug|Any CPU
		{248206AE-30DD-43C2-A4DC-289885CB06E7}.Release|Any CPU.ActiveCfg = Release|Any CPU
		{248206AE-30DD-43C2-A4DC-289885CB06E7}.Release|Any CPU.Build.0 = Release|Any CPU
	EndGlobalSection
	GlobalSection(SolutionProperties) = preSolution
		HideSolutionNode = FALSE
	EndGlobalSection
	GlobalSection(ExtensibilityGlobals) = postSolution
		SolutionGuid = {1DDA69EA-1A91-44C2-86E1-7971BBBC9732}
	EndGlobalSection
EndGlobal
