
Microsoft Visual Studio Solution File, Format Version 12.00
# Visual Studio Version 16
VisualStudioVersion = 16.0.30907.101
MinimumVisualStudioVersion = 10.0.40219.1
Project("{FAE04EC0-301F-11D3-BF4B-00C04F79EFBC}") = "Ders18_DatagridViewSartliRenlendirme", "Ders18_DatagridViewSartliRenlendirme.csproj", "{674CF26F-82E5-4893-860F-860FBA0E6DF7}"
EndProject
Global
	GlobalSection(SolutionConfigurationPlatforms) = preSolution
		Debug|Any CPU = Debug|Any CPU
		Release|Any CPU = Release|Any CPU
	EndGlobalSection
	GlobalSection(ProjectConfigurationPlatforms) = postSolution
		{674CF26F-82E5-4893-860F-860FBA0E6DF7}.Debug|Any CPU.ActiveCfg = Debug|Any CPU
		{674CF26F-82E5-4893-860F-860FBA0E6DF7}.Debug|Any CPU.Build.0 = Debug|Any CPU
		{674CF26F-82E5-4893-860F-860FBA0E6DF7}.Release|Any CPU.ActiveCfg = Release|Any CPU
		{674CF26F-82E5-4893-860F-860FBA0E6DF7}.Release|Any CPU.Build.0 = Release|Any CPU
	EndGlobalSection
	GlobalSection(SolutionProperties) = preSolution
		HideSolutionNode = FALSE
	EndGlobalSection
	GlobalSection(ExtensibilityGlobals) = postSolution
		SolutionGuid = {7D2BB150-690D-4C95-B964-B0E232E6CD79}
	EndGlobalSection
EndGlobal
