
Microsoft Visual Studio Solution File, Format Version 12.00
# Visual Studio Version 16
VisualStudioVersion = 16.0.30907.101
MinimumVisualStudioVersion = 10.0.40219.1
Project("{FAE04EC0-301F-11D3-BF4B-00C04F79EFBC}") = "xxxxdeneme", "xxxxdeneme.csproj", "{C2A18782-751F-429F-AADE-BC992A6462E9}"
EndProject
Global
	GlobalSection(SolutionConfigurationPlatforms) = preSolution
		Debug|Any CPU = Debug|Any CPU
		Release|Any CPU = Release|Any CPU
	EndGlobalSection
	GlobalSection(ProjectConfigurationPlatforms) = postSolution
		{C2A18782-751F-429F-AADE-BC992A6462E9}.Debug|Any CPU.ActiveCfg = Debug|Any CPU
		{C2A18782-751F-429F-AADE-BC992A6462E9}.Debug|Any CPU.Build.0 = Debug|Any CPU
		{C2A18782-751F-429F-AADE-BC992A6462E9}.Release|Any CPU.ActiveCfg = Release|Any CPU
		{C2A18782-751F-429F-AADE-BC992A6462E9}.Release|Any CPU.Build.0 = Release|Any CPU
	EndGlobalSection
	GlobalSection(SolutionProperties) = preSolution
		HideSolutionNode = FALSE
	EndGlobalSection
	GlobalSection(ExtensibilityGlobals) = postSolution
		SolutionGuid = {4BD89848-4EDD-4171-AE9B-03FE06D49BF4}
	EndGlobalSection
EndGlobal
